
Microsoft Visual Studio Solution File, Format Version 12.00
# Visual Studio Version 17
VisualStudioVersion = 17.4.33403.182
MinimumVisualStudioVersion = 10.0.40219.1
Project("{FAE04EC0-301F-11D3-BF4B-00C04F79EFBC}") = "Labb2-web.Server", "Labb2-web\Server\Labb2-web.Server.csproj", "{64996C4C-EA4D-4B89-A2DD-6700C54CC2BD}"
EndProject
Project("{FAE04EC0-301F-11D3-BF4B-00C04F79EFBC}") = "Labb2-web.Client", "Labb2-web\Client\Labb2-web.Client.csproj", "{7095CD12-CA64-44AD-8EB4-00D6A5D58971}"
EndProject
Project("{FAE04EC0-301F-11D3-BF4B-00C04F79EFBC}") = "Labb2-web.Shared", "Labb2-web\Shared\Labb2-web.Shared.csproj", "{9EBD704D-1FED-4ABC-8570-D9C6C7A9FF7C}"
EndProject
Global
	GlobalSection(SolutionConfigurationPlatforms) = preSolution
		Debug|Any CPU = Debug|Any CPU
		Release|Any CPU = Release|Any CPU
	EndGlobalSection
	GlobalSection(ProjectConfigurationPlatforms) = postSolution
		{64996C4C-EA4D-4B89-A2DD-6700C54CC2BD}.Debug|Any CPU.ActiveCfg = Debug|Any CPU
		{64996C4C-EA4D-4B89-A2DD-6700C54CC2BD}.Debug|Any CPU.Build.0 = Debug|Any CPU
		{64996C4C-EA4D-4B89-A2DD-6700C54CC2BD}.Release|Any CPU.ActiveCfg = Release|Any CPU
		{64996C4C-EA4D-4B89-A2DD-6700C54CC2BD}.Release|Any CPU.Build.0 = Release|Any CPU
		{7095CD12-CA64-44AD-8EB4-00D6A5D58971}.Debug|Any CPU.ActiveCfg = Debug|Any CPU
		{7095CD12-CA64-44AD-8EB4-00D6A5D58971}.Debug|Any CPU.Build.0 = Debug|Any CPU
		{7095CD12-CA64-44AD-8EB4-00D6A5D58971}.Release|Any CPU.ActiveCfg = Release|Any CPU
		{7095CD12-CA64-44AD-8EB4-00D6A5D58971}.Release|Any CPU.Build.0 = Release|Any CPU
		{9EBD704D-1FED-4ABC-8570-D9C6C7A9FF7C}.Debug|Any CPU.ActiveCfg = Debug|Any CPU
		{9EBD704D-1FED-4ABC-8570-D9C6C7A9FF7C}.Debug|Any CPU.Build.0 = Debug|Any CPU
		{9EBD704D-1FED-4ABC-8570-D9C6C7A9FF7C}.Release|Any CPU.ActiveCfg = Release|Any CPU
		{9EBD704D-1FED-4ABC-8570-D9C6C7A9FF7C}.Release|Any CPU.Build.0 = Release|Any CPU
	EndGlobalSection
	GlobalSection(SolutionProperties) = preSolution
		HideSolutionNode = FALSE
	EndGlobalSection
	GlobalSection(ExtensibilityGlobals) = postSolution
		SolutionGuid = {2CA87198-100B-4FF4-A25F-5BD31D41325C}
	EndGlobalSection
EndGlobal
