
Microsoft Visual Studio Solution File, Format Version 12.00
# Visual Studio Version 17
VisualStudioVersion = 17.4.33403.182
MinimumVisualStudioVersion = 10.0.40219.1
Project("{9A19103F-16F7-4668-BE54-9A1E7A4F7556}") = "BlazorPart.Server", "BlazorPart\Server\BlazorPart.Server.csproj", "{C09EF77B-DABD-4D47-B8B8-9726DA782C5B}"
	ProjectSection(ProjectDependencies) = postProject
		{B7F95CB7-9974-40DA-98E1-7B28B3EE3995} = {B7F95CB7-9974-40DA-98E1-7B28B3EE3995}
	EndProjectSection
EndProject
Project("{9A19103F-16F7-4668-BE54-9A1E7A4F7556}") = "BlazorPart.Client", "BlazorPart\Client\BlazorPart.Client.csproj", "{2F847508-F704-4367-80B9-9AFE55268A68}"
EndProject
Project("{9A19103F-16F7-4668-BE54-9A1E7A4F7556}") = "BlazorPart.Shared", "BlazorPart\Shared\BlazorPart.Shared.csproj", "{C528280B-9456-4ECD-9BBA-C46CD3D4D6E9}"
EndProject
Project("{9A19103F-16F7-4668-BE54-9A1E7A4F7556}") = "CustomerDataAccess", "CustomerDataAccess\CustomerDataAccess.csproj", "{B7F95CB7-9974-40DA-98E1-7B28B3EE3995}"
EndProject
Global
	GlobalSection(SolutionConfigurationPlatforms) = preSolution
		Debug|Any CPU = Debug|Any CPU
		Release|Any CPU = Release|Any CPU
	EndGlobalSection
	GlobalSection(ProjectConfigurationPlatforms) = postSolution
		{C09EF77B-DABD-4D47-B8B8-9726DA782C5B}.Debug|Any CPU.ActiveCfg = Debug|Any CPU
		{C09EF77B-DABD-4D47-B8B8-9726DA782C5B}.Debug|Any CPU.Build.0 = Debug|Any CPU
		{C09EF77B-DABD-4D47-B8B8-9726DA782C5B}.Release|Any CPU.ActiveCfg = Release|Any CPU
		{C09EF77B-DABD-4D47-B8B8-9726DA782C5B}.Release|Any CPU.Build.0 = Release|Any CPU
		{2F847508-F704-4367-80B9-9AFE55268A68}.Debug|Any CPU.ActiveCfg = Debug|Any CPU
		{2F847508-F704-4367-80B9-9AFE55268A68}.Debug|Any CPU.Build.0 = Debug|Any CPU
		{2F847508-F704-4367-80B9-9AFE55268A68}.Release|Any CPU.ActiveCfg = Release|Any CPU
		{2F847508-F704-4367-80B9-9AFE55268A68}.Release|Any CPU.Build.0 = Release|Any CPU
		{C528280B-9456-4ECD-9BBA-C46CD3D4D6E9}.Debug|Any CPU.ActiveCfg = Debug|Any CPU
		{C528280B-9456-4ECD-9BBA-C46CD3D4D6E9}.Debug|Any CPU.Build.0 = Debug|Any CPU
		{C528280B-9456-4ECD-9BBA-C46CD3D4D6E9}.Release|Any CPU.ActiveCfg = Release|Any CPU
		{C528280B-9456-4ECD-9BBA-C46CD3D4D6E9}.Release|Any CPU.Build.0 = Release|Any CPU
		{B7F95CB7-9974-40DA-98E1-7B28B3EE3995}.Debug|Any CPU.ActiveCfg = Debug|Any CPU
		{B7F95CB7-9974-40DA-98E1-7B28B3EE3995}.Debug|Any CPU.Build.0 = Debug|Any CPU
		{B7F95CB7-9974-40DA-98E1-7B28B3EE3995}.Release|Any CPU.ActiveCfg = Release|Any CPU
		{B7F95CB7-9974-40DA-98E1-7B28B3EE3995}.Release|Any CPU.Build.0 = Release|Any CPU
	EndGlobalSection
	GlobalSection(SolutionProperties) = preSolution
		HideSolutionNode = FALSE
	EndGlobalSection
	GlobalSection(ExtensibilityGlobals) = postSolution
		SolutionGuid = {8AB333F5-02F9-49B1-91FA-D3C327006251}
	EndGlobalSection
EndGlobal
